
Microsoft Visual Studio Solution File, Format Version 12.00
# Visual Studio Version 17
VisualStudioVersion = 17.4.33110.190
MinimumVisualStudioVersion = 10.0.40219.1
Project("{9A19103F-16F7-4668-BE54-9A1E7A4F7556}") = "Day1", "Day1\Day1.csproj", "{C020D91C-B39E-4D36-9F91-EFF04167E328}"
EndProject
Project("{9A19103F-16F7-4668-BE54-9A1E7A4F7556}") = "Day2", "Day2\Day2.csproj", "{5B87C44E-3F2F-4EC6-853D-30F689E5C519}"
EndProject
Project("{9A19103F-16F7-4668-BE54-9A1E7A4F7556}") = "Day3", "Day3\Day3.csproj", "{7BBF923D-E979-43E4-8D59-258495B029B8}"
EndProject
Project("{9A19103F-16F7-4668-BE54-9A1E7A4F7556}") = "Day4", "Day4\Day4.csproj", "{C8871C67-C2F4-4348-B39E-038D95B5C548}"
EndProject
Project("{9A19103F-16F7-4668-BE54-9A1E7A4F7556}") = "Day5", "Day5\Day5.csproj", "{9D56AB1E-EA5A-43C1-81EB-4A8727CB23F0}"
EndProject
Project("{9A19103F-16F7-4668-BE54-9A1E7A4F7556}") = "Day6", "Day6\Day6.csproj", "{ACED8DEC-F2CC-46CD-A705-F7655EBB1BEA}"
EndProject
Project("{9A19103F-16F7-4668-BE54-9A1E7A4F7556}") = "Day7", "Day7\Day7.csproj", "{712F665A-5DC6-4CCD-8CCF-354DD74A91E8}"
EndProject
Project("{9A19103F-16F7-4668-BE54-9A1E7A4F7556}") = "Day8", "Day8\Day8.csproj", "{9289702A-D619-4D59-8E83-06100EFFFAE8}"
EndProject
Project("{9A19103F-16F7-4668-BE54-9A1E7A4F7556}") = "Day9", "Day9\Day9.csproj", "{75BC4700-F7B6-4B61-9574-63938E4E5B95}"
EndProject
Project("{9A19103F-16F7-4668-BE54-9A1E7A4F7556}") = "Day10", "Day10\Day10.csproj", "{58B58BAD-B9CF-4F37-BE5B-2BD49272E997}"
EndProject
Project("{9A19103F-16F7-4668-BE54-9A1E7A4F7556}") = "Day11", "Day11\Day11.csproj", "{DB708FB9-9A6D-4386-B530-55884223F123}"
EndProject
Project("{FAE04EC0-301F-11D3-BF4B-00C04F79EFBC}") = "Day12", "Day12\Day12.csproj", "{445BBD87-A56F-4CE8-9D6A-0EEE80019095}"
EndProject
Project("{FAE04EC0-301F-11D3-BF4B-00C04F79EFBC}") = "Day13", "Day13\Day13.csproj", "{30B1048D-7C52-4092-B656-BA85C4FF6413}"
EndProject
Global
	GlobalSection(SolutionConfigurationPlatforms) = preSolution
		Debug|Any CPU = Debug|Any CPU
		Release|Any CPU = Release|Any CPU
	EndGlobalSection
	GlobalSection(ProjectConfigurationPlatforms) = postSolution
		{C020D91C-B39E-4D36-9F91-EFF04167E328}.Debug|Any CPU.ActiveCfg = Debug|Any CPU
		{C020D91C-B39E-4D36-9F91-EFF04167E328}.Debug|Any CPU.Build.0 = Debug|Any CPU
		{C020D91C-B39E-4D36-9F91-EFF04167E328}.Release|Any CPU.ActiveCfg = Release|Any CPU
		{C020D91C-B39E-4D36-9F91-EFF04167E328}.Release|Any CPU.Build.0 = Release|Any CPU
		{5B87C44E-3F2F-4EC6-853D-30F689E5C519}.Debug|Any CPU.ActiveCfg = Debug|Any CPU
		{5B87C44E-3F2F-4EC6-853D-30F689E5C519}.Debug|Any CPU.Build.0 = Debug|Any CPU
		{5B87C44E-3F2F-4EC6-853D-30F689E5C519}.Release|Any CPU.ActiveCfg = Release|Any CPU
		{5B87C44E-3F2F-4EC6-853D-30F689E5C519}.Release|Any CPU.Build.0 = Release|Any CPU
		{7BBF923D-E979-43E4-8D59-258495B029B8}.Debug|Any CPU.ActiveCfg = Debug|Any CPU
		{7BBF923D-E979-43E4-8D59-258495B029B8}.Debug|Any CPU.Build.0 = Debug|Any CPU
		{7BBF923D-E979-43E4-8D59-258495B029B8}.Release|Any CPU.ActiveCfg = Release|Any CPU
		{7BBF923D-E979-43E4-8D59-258495B029B8}.Release|Any CPU.Build.0 = Release|Any CPU
		{C8871C67-C2F4-4348-B39E-038D95B5C548}.Debug|Any CPU.ActiveCfg = Debug|Any CPU
		{C8871C67-C2F4-4348-B39E-038D95B5C548}.Debug|Any CPU.Build.0 = Debug|Any CPU
		{C8871C67-C2F4-4348-B39E-038D95B5C548}.Release|Any CPU.ActiveCfg = Release|Any CPU
		{C8871C67-C2F4-4348-B39E-038D95B5C548}.Release|Any CPU.Build.0 = Release|Any CPU
		{9D56AB1E-EA5A-43C1-81EB-4A8727CB23F0}.Debug|Any CPU.ActiveCfg = Debug|Any CPU
		{9D56AB1E-EA5A-43C1-81EB-4A8727CB23F0}.Debug|Any CPU.Build.0 = Debug|Any CPU
		{9D56AB1E-EA5A-43C1-81EB-4A8727CB23F0}.Release|Any CPU.ActiveCfg = Release|Any CPU
		{9D56AB1E-EA5A-43C1-81EB-4A8727CB23F0}.Release|Any CPU.Build.0 = Release|Any CPU
		{ACED8DEC-F2CC-46CD-A705-F7655EBB1BEA}.Debug|Any CPU.ActiveCfg = Debug|Any CPU
		{ACED8DEC-F2CC-46CD-A705-F7655EBB1BEA}.Debug|Any CPU.Build.0 = Debug|Any CPU
		{ACED8DEC-F2CC-46CD-A705-F7655EBB1BEA}.Release|Any CPU.ActiveCfg = Release|Any CPU
		{ACED8DEC-F2CC-46CD-A705-F7655EBB1BEA}.Release|Any CPU.Build.0 = Release|Any CPU
		{712F665A-5DC6-4CCD-8CCF-354DD74A91E8}.Debug|Any CPU.ActiveCfg = Debug|Any CPU
		{712F665A-5DC6-4CCD-8CCF-354DD74A91E8}.Debug|Any CPU.Build.0 = Debug|Any CPU
		{712F665A-5DC6-4CCD-8CCF-354DD74A91E8}.Release|Any CPU.ActiveCfg = Release|Any CPU
		{712F665A-5DC6-4CCD-8CCF-354DD74A91E8}.Release|Any CPU.Build.0 = Release|Any CPU
		{9289702A-D619-4D59-8E83-06100EFFFAE8}.Debug|Any CPU.ActiveCfg = Debug|Any CPU
		{9289702A-D619-4D59-8E83-06100EFFFAE8}.Debug|Any CPU.Build.0 = Debug|Any CPU
		{9289702A-D619-4D59-8E83-06100EFFFAE8}.Release|Any CPU.ActiveCfg = Release|Any CPU
		{9289702A-D619-4D59-8E83-06100EFFFAE8}.Release|Any CPU.Build.0 = Release|Any CPU
		{75BC4700-F7B6-4B61-9574-63938E4E5B95}.Debug|Any CPU.ActiveCfg = Debug|Any CPU
		{75BC4700-F7B6-4B61-9574-63938E4E5B95}.Debug|Any CPU.Build.0 = Debug|Any CPU
		{75BC4700-F7B6-4B61-9574-63938E4E5B95}.Release|Any CPU.ActiveCfg = Release|Any CPU
		{75BC4700-F7B6-4B61-9574-63938E4E5B95}.Release|Any CPU.Build.0 = Release|Any CPU
		{58B58BAD-B9CF-4F37-BE5B-2BD49272E997}.Debug|Any CPU.ActiveCfg = Debug|Any CPU
		{58B58BAD-B9CF-4F37-BE5B-2BD49272E997}.Debug|Any CPU.Build.0 = Debug|Any CPU
		{58B58BAD-B9CF-4F37-BE5B-2BD49272E997}.Release|Any CPU.ActiveCfg = Release|Any CPU
		{58B58BAD-B9CF-4F37-BE5B-2BD49272E997}.Release|Any CPU.Build.0 = Release|Any CPU
		{DB708FB9-9A6D-4386-B530-55884223F123}.Debug|Any CPU.ActiveCfg = Debug|Any CPU
		{DB708FB9-9A6D-4386-B530-55884223F123}.Debug|Any CPU.Build.0 = Debug|Any CPU
		{DB708FB9-9A6D-4386-B530-55884223F123}.Release|Any CPU.ActiveCfg = Release|Any CPU
		{DB708FB9-9A6D-4386-B530-55884223F123}.Release|Any CPU.Build.0 = Release|Any CPU
		{445BBD87-A56F-4CE8-9D6A-0EEE80019095}.Debug|Any CPU.ActiveCfg = Debug|Any CPU
		{445BBD87-A56F-4CE8-9D6A-0EEE80019095}.Debug|Any CPU.Build.0 = Debug|Any CPU
		{445BBD87-A56F-4CE8-9D6A-0EEE80019095}.Release|Any CPU.ActiveCfg = Release|Any CPU
		{445BBD87-A56F-4CE8-9D6A-0EEE80019095}.Release|Any CPU.Build.0 = Release|Any CPU
		{30B1048D-7C52-4092-B656-BA85C4FF6413}.Debug|Any CPU.ActiveCfg = Debug|Any CPU
		{30B1048D-7C52-4092-B656-BA85C4FF6413}.Debug|Any CPU.Build.0 = Debug|Any CPU
		{30B1048D-7C52-4092-B656-BA85C4FF6413}.Release|Any CPU.ActiveCfg = Release|Any CPU
		{30B1048D-7C52-4092-B656-BA85C4FF6413}.Release|Any CPU.Build.0 = Release|Any CPU
	EndGlobalSection
	GlobalSection(SolutionProperties) = preSolution
		HideSolutionNode = FALSE
	EndGlobalSection
	GlobalSection(ExtensibilityGlobals) = postSolution
		SolutionGuid = {8644A967-E804-4EE9-991C-AE17CD138F15}
	EndGlobalSection
EndGlobal
